// !$*UTF8*$!
{
	archiveVersion = 1;
	classes = {
	};
	objectVersion = 56;
	objects = {

/* Begin PBXBuildFile section */
		4A9458212B23B7E50028A2AD /* AppDelegate.swift in Sources */ = {isa = PBXBuildFile; fileRef = 4A9458202B23B7E50028A2AD /* AppDelegate.swift */; };
		4A9458232B23B7E50028A2AD /* SceneDelegate.swift in Sources */ = {isa = PBXBuildFile; fileRef = 4A9458222B23B7E50028A2AD /* SceneDelegate.swift */; };
		4A9458252B23B7E50028A2AD /* LoginViewController.swift in Sources */ = {isa = PBXBuildFile; fileRef = 4A9458242B23B7E50028A2AD /* LoginViewController.swift */; };
		4A94582A2B23B7E60028A2AD /* Assets.xcassets in Resources */ = {isa = PBXBuildFile; fileRef = 4A9458292B23B7E60028A2AD /* Assets.xcassets */; };
		4A94582D2B23B7E60028A2AD /* LaunchScreen.storyboard in Resources */ = {isa = PBXBuildFile; fileRef = 4A94582B2B23B7E60028A2AD /* LaunchScreen.storyboard */; };
		4A9458392B23C5250028A2AD /* LoginView.swift in Sources */ = {isa = PBXBuildFile; fileRef = 4A9458382B23C5250028A2AD /* LoginView.swift */; };
		4A94583C2B23C8150028A2AD /* Client.swift in Sources */ = {isa = PBXBuildFile; fileRef = 4A94583B2B23C8150028A2AD /* Client.swift */; };
		4A9458402B23D2230028A2AD /* SessionRequest.swift in Sources */ = {isa = PBXBuildFile; fileRef = 4A94583F2B23D2230028A2AD /* SessionRequest.swift */; };
		4A9458442B23DD390028A2AD /* SessionResponse.swift in Sources */ = {isa = PBXBuildFile; fileRef = 4A9458432B23DD390028A2AD /* SessionResponse.swift */; };
		4A9458462B23E34D0028A2AD /* ErrorResponse.swift in Sources */ = {isa = PBXBuildFile; fileRef = 4A9458452B23E34D0028A2AD /* ErrorResponse.swift */; };
		4A9458482B23E5700028A2AD /* TabBarController.swift in Sources */ = {isa = PBXBuildFile; fileRef = 4A9458472B23E5700028A2AD /* TabBarController.swift */; };
		4A94584A2B23E8EF0028A2AD /* TabBarItems.swift in Sources */ = {isa = PBXBuildFile; fileRef = 4A9458492B23E8EF0028A2AD /* TabBarItems.swift */; };
		4A94584C2B23EF510028A2AD /* MapViewController.swift in Sources */ = {isa = PBXBuildFile; fileRef = 4A94584B2B23EF510028A2AD /* MapViewController.swift */; };
		4A94584E2B23EF6F0028A2AD /* MapView.swift in Sources */ = {isa = PBXBuildFile; fileRef = 4A94584D2B23EF6F0028A2AD /* MapView.swift */; };
/* End PBXBuildFile section */

/* Begin PBXFileReference section */
		4A94581D2B23B7E50028A2AD /* On The Map.app */ = {isa = PBXFileReference; explicitFileType = wrapper.application; includeInIndex = 0; path = "On The Map.app"; sourceTree = BUILT_PRODUCTS_DIR; };
		4A9458202B23B7E50028A2AD /* AppDelegate.swift */ = {isa = PBXFileReference; lastKnownFileType = sourcecode.swift; path = AppDelegate.swift; sourceTree = "<group>"; };
		4A9458222B23B7E50028A2AD /* SceneDelegate.swift */ = {isa = PBXFileReference; lastKnownFileType = sourcecode.swift; path = SceneDelegate.swift; sourceTree = "<group>"; };
		4A9458242B23B7E50028A2AD /* LoginViewController.swift */ = {isa = PBXFileReference; lastKnownFileType = sourcecode.swift; path = LoginViewController.swift; sourceTree = "<group>"; };
		4A9458292B23B7E60028A2AD /* Assets.xcassets */ = {isa = PBXFileReference; lastKnownFileType = folder.assetcatalog; path = Assets.xcassets; sourceTree = "<group>"; };
		4A94582C2B23B7E60028A2AD /* Base */ = {isa = PBXFileReference; lastKnownFileType = file.storyboard; name = Base; path = Base.lproj/LaunchScreen.storyboard; sourceTree = "<group>"; };
		4A94582E2B23B7E60028A2AD /* Info.plist */ = {isa = PBXFileReference; lastKnownFileType = text.plist.xml; path = Info.plist; sourceTree = "<group>"; };
		4A9458382B23C5250028A2AD /* LoginView.swift */ = {isa = PBXFileReference; lastKnownFileType = sourcecode.swift; path = LoginView.swift; sourceTree = "<group>"; };
		4A94583B2B23C8150028A2AD /* Client.swift */ = {isa = PBXFileReference; lastKnownFileType = sourcecode.swift; path = Client.swift; sourceTree = "<group>"; };
		4A94583F2B23D2230028A2AD /* SessionRequest.swift */ = {isa = PBXFileReference; lastKnownFileType = sourcecode.swift; path = SessionRequest.swift; sourceTree = "<group>"; };
		4A9458432B23DD390028A2AD /* SessionResponse.swift */ = {isa = PBXFileReference; lastKnownFileType = sourcecode.swift; path = SessionResponse.swift; sourceTree = "<group>"; };
		4A9458452B23E34D0028A2AD /* ErrorResponse.swift */ = {isa = PBXFileReference; lastKnownFileType = sourcecode.swift; path = ErrorResponse.swift; sourceTree = "<group>"; };
		4A9458472B23E5700028A2AD /* TabBarController.swift */ = {isa = PBXFileReference; lastKnownFileType = sourcecode.swift; path = TabBarController.swift; sourceTree = "<group>"; };
		4A9458492B23E8EF0028A2AD /* TabBarItems.swift */ = {isa = PBXFileReference; lastKnownFileType = sourcecode.swift; path = TabBarItems.swift; sourceTree = "<group>"; };
		4A94584B2B23EF510028A2AD /* MapViewController.swift */ = {isa = PBXFileReference; lastKnownFileType = sourcecode.swift; path = MapViewController.swift; sourceTree = "<group>"; };
		4A94584D2B23EF6F0028A2AD /* MapView.swift */ = {isa = PBXFileReference; lastKnownFileType = sourcecode.swift; path = MapView.swift; sourceTree = "<group>"; };
/* End PBXFileReference section */

/* Begin PBXFrameworksBuildPhase section */
		4A94581A2B23B7E50028A2AD /* Frameworks */ = {
			isa = PBXFrameworksBuildPhase;
			buildActionMask = 2147483647;
			files = (
			);
			runOnlyForDeploymentPostprocessing = 0;
		};
/* End PBXFrameworksBuildPhase section */

/* Begin PBXGroup section */
		4A9458142B23B7E50028A2AD = {
			isa = PBXGroup;
			children = (
				4A94581F2B23B7E50028A2AD /* On The Map */,
				4A94581E2B23B7E50028A2AD /* Products */,
			);
			sourceTree = "<group>";
		};
		4A94581E2B23B7E50028A2AD /* Products */ = {
			isa = PBXGroup;
			children = (
				4A94581D2B23B7E50028A2AD /* On The Map.app */,
			);
			name = Products;
			sourceTree = "<group>";
		};
		4A94581F2B23B7E50028A2AD /* On The Map */ = {
			isa = PBXGroup;
			children = (
				4A94582E2B23B7E60028A2AD /* Info.plist */,
				4A9458352B23BAE10028A2AD /* App Delegate */,
				4A94583A2B23C7F60028A2AD /* Model */,
				4A9458372B23C5110028A2AD /* View */,
				4A9458362B23BB750028A2AD /* Controller */,
				4A9458342B23BA3A0028A2AD /* Assets */,
			);
			path = "On The Map";
			sourceTree = "<group>";
		};
		4A9458342B23BA3A0028A2AD /* Assets */ = {
			isa = PBXGroup;
			children = (
				4A9458292B23B7E60028A2AD /* Assets.xcassets */,
				4A94582B2B23B7E60028A2AD /* LaunchScreen.storyboard */,
			);
			path = Assets;
			sourceTree = "<group>";
		};
		4A9458352B23BAE10028A2AD /* App Delegate */ = {
			isa = PBXGroup;
			children = (
				4A9458202B23B7E50028A2AD /* AppDelegate.swift */,
				4A9458222B23B7E50028A2AD /* SceneDelegate.swift */,
			);
			path = "App Delegate";
			sourceTree = "<group>";
		};
		4A9458362B23BB750028A2AD /* Controller */ = {
			isa = PBXGroup;
			children = (
				4A9458242B23B7E50028A2AD /* LoginViewController.swift */,
				4A9458472B23E5700028A2AD /* TabBarController.swift */,
				4A94584B2B23EF510028A2AD /* MapViewController.swift */,
			);
			path = Controller;
			sourceTree = "<group>";
		};
		4A9458372B23C5110028A2AD /* View */ = {
			isa = PBXGroup;
			children = (
				4A9458382B23C5250028A2AD /* LoginView.swift */,
				4A9458492B23E8EF0028A2AD /* TabBarItems.swift */,
				4A94584D2B23EF6F0028A2AD /* MapView.swift */,
			);
			path = View;
			sourceTree = "<group>";
		};
		4A94583A2B23C7F60028A2AD /* Model */ = {
			isa = PBXGroup;
			children = (
				4A94583B2B23C8150028A2AD /* Client.swift */,
				4A94583D2B23D2070028A2AD /* Request */,
				4A94583E2B23D20E0028A2AD /* Response */,
			);
			path = Model;
			sourceTree = "<group>";
		};
		4A94583D2B23D2070028A2AD /* Request */ = {
			isa = PBXGroup;
			children = (
				4A94583F2B23D2230028A2AD /* SessionRequest.swift */,
			);
			path = Request;
			sourceTree = "<group>";
		};
		4A94583E2B23D20E0028A2AD /* Response */ = {
			isa = PBXGroup;
			children = (
				4A9458432B23DD390028A2AD /* SessionResponse.swift */,
				4A9458452B23E34D0028A2AD /* ErrorResponse.swift */,
			);
			path = Response;
			sourceTree = "<group>";
		};
/* End PBXGroup section */

/* Begin PBXNativeTarget section */
		4A94581C2B23B7E50028A2AD /* On The Map */ = {
			isa = PBXNativeTarget;
			buildConfigurationList = 4A9458312B23B7E60028A2AD /* Build configuration list for PBXNativeTarget "On The Map" */;
			buildPhases = (
				4A9458192B23B7E50028A2AD /* Sources */,
				4A94581A2B23B7E50028A2AD /* Frameworks */,
				4A94581B2B23B7E50028A2AD /* Resources */,
			);
			buildRules = (
			);
			dependencies = (
			);
			name = "On The Map";
			productName = "On The Map";
			productReference = 4A94581D2B23B7E50028A2AD /* On The Map.app */;
			productType = "com.apple.product-type.application";
		};
/* End PBXNativeTarget section */

/* Begin PBXProject section */
		4A9458152B23B7E50028A2AD /* Project object */ = {
			isa = PBXProject;
			attributes = {
				BuildIndependentTargetsInParallel = 1;
				LastSwiftUpdateCheck = 1430;
				LastUpgradeCheck = 1430;
				TargetAttributes = {
					4A94581C2B23B7E50028A2AD = {
						CreatedOnToolsVersion = 14.3.1;
					};
				};
			};
			buildConfigurationList = 4A9458182B23B7E50028A2AD /* Build configuration list for PBXProject "On The Map" */;
			compatibilityVersion = "Xcode 14.0";
			developmentRegion = en;
			hasScannedForEncodings = 0;
			knownRegions = (
				en,
				Base,
			);
			mainGroup = 4A9458142B23B7E50028A2AD;
			productRefGroup = 4A94581E2B23B7E50028A2AD /* Products */;
			projectDirPath = "";
			projectRoot = "";
			targets = (
				4A94581C2B23B7E50028A2AD /* On The Map */,
			);
		};
/* End PBXProject section */

/* Begin PBXResourcesBuildPhase section */
		4A94581B2B23B7E50028A2AD /* Resources */ = {
			isa = PBXResourcesBuildPhase;
			buildActionMask = 2147483647;
			files = (
				4A94582D2B23B7E60028A2AD /* LaunchScreen.storyboard in Resources */,
				4A94582A2B23B7E60028A2AD /* Assets.xcassets in Resources */,
			);
			runOnlyForDeploymentPostprocessing = 0;
		};
/* End PBXResourcesBuildPhase section */

/* Begin PBXSourcesBuildPhase section */
		4A9458192B23B7E50028A2AD /* Sources */ = {
			isa = PBXSourcesBuildPhase;
			buildActionMask = 2147483647;
			files = (
				4A94584C2B23EF510028A2AD /* MapViewController.swift in Sources */,
				4A94584E2B23EF6F0028A2AD /* MapView.swift in Sources */,
				4A9458252B23B7E50028A2AD /* LoginViewController.swift in Sources */,
				4A9458212B23B7E50028A2AD /* AppDelegate.swift in Sources */,
				4A94584A2B23E8EF0028A2AD /* TabBarItems.swift in Sources */,
				4A9458442B23DD390028A2AD /* SessionResponse.swift in Sources */,
				4A9458402B23D2230028A2AD /* SessionRequest.swift in Sources */,
				4A9458482B23E5700028A2AD /* TabBarController.swift in Sources */,
				4A9458392B23C5250028A2AD /* LoginView.swift in Sources */,
				4A94583C2B23C8150028A2AD /* Client.swift in Sources */,
				4A9458232B23B7E50028A2AD /* SceneDelegate.swift in Sources */,
				4A9458462B23E34D0028A2AD /* ErrorResponse.swift in Sources */,
			);
			runOnlyForDeploymentPostprocessing = 0;
		};
/* End PBXSourcesBuildPhase section */

/* Begin PBXVariantGroup section */
		4A94582B2B23B7E60028A2AD /* LaunchScreen.storyboard */ = {
			isa = PBXVariantGroup;
			children = (
				4A94582C2B23B7E60028A2AD /* Base */,
			);
			name = LaunchScreen.storyboard;
			sourceTree = "<group>";
		};
/* End PBXVariantGroup section */

/* Begin XCBuildConfiguration section */
		4A94582F2B23B7E60028A2AD /* Debug */ = {
			isa = XCBuildConfiguration;
			buildSettings = {
				ALWAYS_SEARCH_USER_PATHS = NO;
				CLANG_ANALYZER_NONNULL = YES;
				CLANG_ANALYZER_NUMBER_OBJECT_CONVERSION = YES_AGGRESSIVE;
				CLANG_CXX_LANGUAGE_STANDARD = "gnu++20";
				CLANG_ENABLE_MODULES = YES;
				CLANG_ENABLE_OBJC_ARC = YES;
				CLANG_ENABLE_OBJC_WEAK = YES;
				CLANG_WARN_BLOCK_CAPTURE_AUTORELEASING = YES;
				CLANG_WARN_BOOL_CONVERSION = YES;
				CLANG_WARN_COMMA = YES;
				CLANG_WARN_CONSTANT_CONVERSION = YES;
				CLANG_WARN_DEPRECATED_OBJC_IMPLEMENTATIONS = YES;
				CLANG_WARN_DIRECT_OBJC_ISA_USAGE = YES_ERROR;
				CLANG_WARN_DOCUMENTATION_COMMENTS = YES;
				CLANG_WARN_EMPTY_BODY = YES;
				CLANG_WARN_ENUM_CONVERSION = YES;
				CLANG_WARN_INFINITE_RECURSION = YES;
				CLANG_WARN_INT_CONVERSION = YES;
				CLANG_WARN_NON_LITERAL_NULL_CONVERSION = YES;
				CLANG_WARN_OBJC_IMPLICIT_RETAIN_SELF = YES;
				CLANG_WARN_OBJC_LITERAL_CONVERSION = YES;
				CLANG_WARN_OBJC_ROOT_CLASS = YES_ERROR;
				CLANG_WARN_QUOTED_INCLUDE_IN_FRAMEWORK_HEADER = YES;
				CLANG_WARN_RANGE_LOOP_ANALYSIS = YES;
				CLANG_WARN_STRICT_PROTOTYPES = YES;
				CLANG_WARN_SUSPICIOUS_MOVE = YES;
				CLANG_WARN_UNGUARDED_AVAILABILITY = YES_AGGRESSIVE;
				CLANG_WARN_UNREACHABLE_CODE = YES;
				CLANG_WARN__DUPLICATE_METHOD_MATCH = YES;
				COPY_PHASE_STRIP = NO;
				DEBUG_INFORMATION_FORMAT = dwarf;
				ENABLE_STRICT_OBJC_MSGSEND = YES;
				ENABLE_TESTABILITY = YES;
				GCC_C_LANGUAGE_STANDARD = gnu11;
				GCC_DYNAMIC_NO_PIC = NO;
				GCC_NO_COMMON_BLOCKS = YES;
				GCC_OPTIMIZATION_LEVEL = 0;
				GCC_PREPROCESSOR_DEFINITIONS = (
					"DEBUG=1",
					"$(inherited)",
				);
				GCC_WARN_64_TO_32_BIT_CONVERSION = YES;
				GCC_WARN_ABOUT_RETURN_TYPE = YES_ERROR;
				GCC_WARN_UNDECLARED_SELECTOR = YES;
				GCC_WARN_UNINITIALIZED_AUTOS = YES_AGGRESSIVE;
				GCC_WARN_UNUSED_FUNCTION = YES;
				GCC_WARN_UNUSED_VARIABLE = YES;
				IPHONEOS_DEPLOYMENT_TARGET = 16.4;
				MTL_ENABLE_DEBUG_INFO = INCLUDE_SOURCE;
				MTL_FAST_MATH = YES;
				ONLY_ACTIVE_ARCH = YES;
				SDKROOT = iphoneos;
				SWIFT_ACTIVE_COMPILATION_CONDITIONS = DEBUG;
				SWIFT_OPTIMIZATION_LEVEL = "-Onone";
			};
			name = Debug;
		};
		4A9458302B23B7E60028A2AD /* Release */ = {
			isa = XCBuildConfiguration;
			buildSettings = {
				ALWAYS_SEARCH_USER_PATHS = NO;
				CLANG_ANALYZER_NONNULL = YES;
				CLANG_ANALYZER_NUMBER_OBJECT_CONVERSION = YES_AGGRESSIVE;
				CLANG_CXX_LANGUAGE_STANDARD = "gnu++20";
				CLANG_ENABLE_MODULES = YES;
				CLANG_ENABLE_OBJC_ARC = YES;
				CLANG_ENABLE_OBJC_WEAK = YES;
				CLANG_WARN_BLOCK_CAPTURE_AUTORELEASING = YES;
				CLANG_WARN_BOOL_CONVERSION = YES;
				CLANG_WARN_COMMA = YES;
				CLANG_WARN_CONSTANT_CONVERSION = YES;
				CLANG_WARN_DEPRECATED_OBJC_IMPLEMENTATIONS = YES;
				CLANG_WARN_DIRECT_OBJC_ISA_USAGE = YES_ERROR;
				CLANG_WARN_DOCUMENTATION_COMMENTS = YES;
				CLANG_WARN_EMPTY_BODY = YES;
				CLANG_WARN_ENUM_CONVERSION = YES;
				CLANG_WARN_INFINITE_RECURSION = YES;
				CLANG_WARN_INT_CONVERSION = YES;
				CLANG_WARN_NON_LITERAL_NULL_CONVERSION = YES;
				CLANG_WARN_OBJC_IMPLICIT_RETAIN_SELF = YES;
				CLANG_WARN_OBJC_LITERAL_CONVERSION = YES;
				CLANG_WARN_OBJC_ROOT_CLASS = YES_ERROR;
				CLANG_WARN_QUOTED_INCLUDE_IN_FRAMEWORK_HEADER = YES;
				CLANG_WARN_RANGE_LOOP_ANALYSIS = YES;
				CLANG_WARN_STRICT_PROTOTYPES = YES;
				CLANG_WARN_SUSPICIOUS_MOVE = YES;
				CLANG_WARN_UNGUARDED_AVAILABILITY = YES_AGGRESSIVE;
				CLANG_WARN_UNREACHABLE_CODE = YES;
				CLANG_WARN__DUPLICATE_METHOD_MATCH = YES;
				COPY_PHASE_STRIP = NO;
				DEBUG_INFORMATION_FORMAT = "dwarf-with-dsym";
				ENABLE_NS_ASSERTIONS = NO;
				ENABLE_STRICT_OBJC_MSGSEND = YES;
				GCC_C_LANGUAGE_STANDARD = gnu11;
				GCC_NO_COMMON_BLOCKS = YES;
				GCC_WARN_64_TO_32_BIT_CONVERSION = YES;
				GCC_WARN_ABOUT_RETURN_TYPE = YES_ERROR;
				GCC_WARN_UNDECLARED_SELECTOR = YES;
				GCC_WARN_UNINITIALIZED_AUTOS = YES_AGGRESSIVE;
				GCC_WARN_UNUSED_FUNCTION = YES;
				GCC_WARN_UNUSED_VARIABLE = YES;
				IPHONEOS_DEPLOYMENT_TARGET = 16.4;
				MTL_ENABLE_DEBUG_INFO = NO;
				MTL_FAST_MATH = YES;
				SDKROOT = iphoneos;
				SWIFT_COMPILATION_MODE = wholemodule;
				SWIFT_OPTIMIZATION_LEVEL = "-O";
				VALIDATE_PRODUCT = YES;
			};
			name = Release;
		};
		4A9458322B23B7E60028A2AD /* Debug */ = {
			isa = XCBuildConfiguration;
			buildSettings = {
				ASSETCATALOG_COMPILER_APPICON_NAME = AppIcon;
				ASSETCATALOG_COMPILER_GLOBAL_ACCENT_COLOR_NAME = AccentColor;
				CODE_SIGN_STYLE = Automatic;
				CURRENT_PROJECT_VERSION = 1;
				DEVELOPMENT_TEAM = 99R8R7S3RV;
				GENERATE_INFOPLIST_FILE = YES;
				INFOPLIST_FILE = "On The Map/Info.plist";
				INFOPLIST_KEY_UIApplicationSupportsIndirectInputEvents = YES;
				INFOPLIST_KEY_UILaunchStoryboardName = LaunchScreen;
				INFOPLIST_KEY_UIMainStoryboardFile = "";
				INFOPLIST_KEY_UISupportedInterfaceOrientations_iPad = "UIInterfaceOrientationPortrait UIInterfaceOrientationPortraitUpsideDown UIInterfaceOrientationLandscapeLeft UIInterfaceOrientationLandscapeRight";
				INFOPLIST_KEY_UISupportedInterfaceOrientations_iPhone = "UIInterfaceOrientationPortrait UIInterfaceOrientationLandscapeLeft UIInterfaceOrientationLandscapeRight";
				LD_RUNPATH_SEARCH_PATHS = (
					"$(inherited)",
					"@executable_path/Frameworks",
				);
				MARKETING_VERSION = 1.0;
				PRODUCT_BUNDLE_IDENTIFIER = "sideprojects.siq.On-The-Map";
				PRODUCT_NAME = "$(TARGET_NAME)";
				SWIFT_EMIT_LOC_STRINGS = YES;
				SWIFT_VERSION = 5.0;
				TARGETED_DEVICE_FAMILY = "1,2";
			};
			name = Debug;
		};
		4A9458332B23B7E60028A2AD /* Release */ = {
			isa = XCBuildConfiguration;
			buildSettings = {
				ASSETCATALOG_COMPILER_APPICON_NAME = AppIcon;
				ASSETCATALOG_COMPILER_GLOBAL_ACCENT_COLOR_NAME = AccentColor;
				CODE_SIGN_STYLE = Automatic;
				CURRENT_PROJECT_VERSION = 1;
				DEVELOPMENT_TEAM = 99R8R7S3RV;
				GENERATE_INFOPLIST_FILE = YES;
				INFOPLIST_FILE = "On The Map/Info.plist";
				INFOPLIST_KEY_UIApplicationSupportsIndirectInputEvents = YES;
				INFOPLIST_KEY_UILaunchStoryboardName = LaunchScreen;
				INFOPLIST_KEY_UIMainStoryboardFile = "";
				INFOPLIST_KEY_UISupportedInterfaceOrientations_iPad = "UIInterfaceOrientationPortrait UIInterfaceOrientationPortraitUpsideDown UIInterfaceOrientationLandscapeLeft UIInterfaceOrientationLandscapeRight";
				INFOPLIST_KEY_UISupportedInterfaceOrientations_iPhone = "UIInterfaceOrientationPortrait UIInterfaceOrientationLandscapeLeft UIInterfaceOrientationLandscapeRight";
				LD_RUNPATH_SEARCH_PATHS = (
					"$(inherited)",
					"@executable_path/Frameworks",
				);
				MARKETING_VERSION = 1.0;
				PRODUCT_BUNDLE_IDENTIFIER = "sideprojects.siq.On-The-Map";
				PRODUCT_NAME = "$(TARGET_NAME)";
				SWIFT_EMIT_LOC_STRINGS = YES;
				SWIFT_VERSION = 5.0;
				TARGETED_DEVICE_FAMILY = "1,2";
			};
			name = Release;
		};
/* End XCBuildConfiguration section */

/* Begin XCConfigurationList section */
		4A9458182B23B7E50028A2AD /* Build configuration list for PBXProject "On The Map" */ = {
			isa = XCConfigurationList;
			buildConfigurations = (
				4A94582F2B23B7E60028A2AD /* Debug */,
				4A9458302B23B7E60028A2AD /* Release */,
			);
			defaultConfigurationIsVisible = 0;
			defaultConfigurationName = Release;
		};
		4A9458312B23B7E60028A2AD /* Build configuration list for PBXNativeTarget "On The Map" */ = {
			isa = XCConfigurationList;
			buildConfigurations = (
				4A9458322B23B7E60028A2AD /* Debug */,
				4A9458332B23B7E60028A2AD /* Release */,
			);
			defaultConfigurationIsVisible = 0;
			defaultConfigurationName = Release;
		};
/* End XCConfigurationList section */
	};
	rootObject = 4A9458152B23B7E50028A2AD /* Project object */;
}
